
Microsoft Visual Studio Solution File, Format Version 12.00
# Visual Studio Version 17
VisualStudioVersion = 17.9.34701.34
MinimumVisualStudioVersion = 10.0.40219.1
Project("{FAE04EC0-301F-11D3-BF4B-00C04F79EFBC}") = "P01_HelloWorld", "P01_HelloWorld\P01_HelloWorld.csproj", "{7302DEB7-8F8D-4255-8A4D-7C536AEBC2F8}"
EndProject
Project("{FAE04EC0-301F-11D3-BF4B-00C04F79EFBC}") = "P02_Controls", "P02_Controls\P02_Controls.csproj", "{19743CF2-C3EC-40B1-A9D6-DEA0494E25E4}"
EndProject
Project("{FAE04EC0-301F-11D3-BF4B-00C04F79EFBC}") = "P03_ListboxToplamaOrtalama", "P03_ListboxToplamaOrtalama\P03_ListboxToplamaOrtalama.csproj", "{E2419276-48B0-4EF6-94F7-B73938E08C4B}"
EndProject
Global
	GlobalSection(SolutionConfigurationPlatforms) = preSolution
		Debug|Any CPU = Debug|Any CPU
		Release|Any CPU = Release|Any CPU
	EndGlobalSection
	GlobalSection(ProjectConfigurationPlatforms) = postSolution
		{7302DEB7-8F8D-4255-8A4D-7C536AEBC2F8}.Debug|Any CPU.ActiveCfg = Debug|Any CPU
		{7302DEB7-8F8D-4255-8A4D-7C536AEBC2F8}.Debug|Any CPU.Build.0 = Debug|Any CPU
		{7302DEB7-8F8D-4255-8A4D-7C536AEBC2F8}.Release|Any CPU.ActiveCfg = Release|Any CPU
		{7302DEB7-8F8D-4255-8A4D-7C536AEBC2F8}.Release|Any CPU.Build.0 = Release|Any CPU
		{19743CF2-C3EC-40B1-A9D6-DEA0494E25E4}.Debug|Any CPU.ActiveCfg = Debug|Any CPU
		{19743CF2-C3EC-40B1-A9D6-DEA0494E25E4}.Debug|Any CPU.Build.0 = Debug|Any CPU
		{19743CF2-C3EC-40B1-A9D6-DEA0494E25E4}.Release|Any CPU.ActiveCfg = Release|Any CPU
		{19743CF2-C3EC-40B1-A9D6-DEA0494E25E4}.Release|Any CPU.Build.0 = Release|Any CPU
		{E2419276-48B0-4EF6-94F7-B73938E08C4B}.Debug|Any CPU.ActiveCfg = Debug|Any CPU
		{E2419276-48B0-4EF6-94F7-B73938E08C4B}.Debug|Any CPU.Build.0 = Debug|Any CPU
		{E2419276-48B0-4EF6-94F7-B73938E08C4B}.Release|Any CPU.ActiveCfg = Release|Any CPU
		{E2419276-48B0-4EF6-94F7-B73938E08C4B}.Release|Any CPU.Build.0 = Release|Any CPU
	EndGlobalSection
	GlobalSection(SolutionProperties) = preSolution
		HideSolutionNode = FALSE
	EndGlobalSection
	GlobalSection(ExtensibilityGlobals) = postSolution
		SolutionGuid = {FB29FFF5-D7F4-4F95-9517-A3C4B1010EBB}
	EndGlobalSection
EndGlobal
